
Microsoft Visual Studio Solution File, Format Version 12.00
# Visual Studio Version 17
VisualStudioVersion = 17.9.34728.123
MinimumVisualStudioVersion = 10.0.40219.1
Project("{FAE04EC0-301F-11D3-BF4B-00C04F79EFBC}") = "Taschenrechner", "Taschenrechner\Taschenrechner.csproj", "{EC7BBC66-59CA-417E-A1B3-A89944C2748C}"
EndProject
Global
	GlobalSection(SolutionConfigurationPlatforms) = preSolution
		Debug|Any CPU = Debug|Any CPU
		Release|Any CPU = Release|Any CPU
	EndGlobalSection
	GlobalSection(ProjectConfigurationPlatforms) = postSolution
		{EC7BBC66-59CA-417E-A1B3-A89944C2748C}.Debug|Any CPU.ActiveCfg = Debug|Any CPU
		{EC7BBC66-59CA-417E-A1B3-A89944C2748C}.Debug|Any CPU.Build.0 = Debug|Any CPU
		{EC7BBC66-59CA-417E-A1B3-A89944C2748C}.Release|Any CPU.ActiveCfg = Release|Any CPU
		{EC7BBC66-59CA-417E-A1B3-A89944C2748C}.Release|Any CPU.Build.0 = Release|Any CPU
	EndGlobalSection
	GlobalSection(SolutionProperties) = preSolution
		HideSolutionNode = FALSE
	EndGlobalSection
	GlobalSection(ExtensibilityGlobals) = postSolution
		SolutionGuid = {8CC91A80-AB85-46C7-B764-588D6BF9604B}
	EndGlobalSection
EndGlobal
